
Microsoft Visual Studio Solution File, Format Version 12.00
# Visual Studio Version 16
VisualStudioVersion = 16.0.31729.503
MinimumVisualStudioVersion = 10.0.40219.1
Project("{2150E333-8FDC-42A3-9474-1A3956D46DE8}") = "Server", "Server", "{E2799A12-C0EB-4F81-A54D-2255F7678347}"
EndProject
Project("{2150E333-8FDC-42A3-9474-1A3956D46DE8}") = "Api", "Api", "{FB8E28CF-6322-4E66-8738-7B5F89699E93}"
EndProject
Project("{9A19103F-16F7-4668-BE54-9A1E7A4F7556}") = "Elsa.Server", "Server\Elsa.Server\Elsa.Server.csproj", "{9523DF73-3763-4D20-9D31-F227FB73BE0A}"
EndProject
Project("{2150E333-8FDC-42A3-9474-1A3956D46DE8}") = "OrderFilling", "OrderFilling", "{94B6C6D0-4D8A-41A5-A3CD-A97A3FD355AD}"
EndProject
Project("{9A19103F-16F7-4668-BE54-9A1E7A4F7556}") = "OrderFilling.Entities", "Api\OrderFilling\OrderFilling.Entities\OrderFilling.Entities.csproj", "{BE49CAB5-EA1A-4078-9221-B212E85E0AD3}"
EndProject
Project("{9A19103F-16F7-4668-BE54-9A1E7A4F7556}") = "OrderFilling.IRepository", "Api\OrderFilling\OrderFilling.IRepository\OrderFilling.IRepository.csproj", "{071BE2EE-469C-4405-AE5F-9ED3DAC37734}"
EndProject
Project("{9A19103F-16F7-4668-BE54-9A1E7A4F7556}") = "OrderFilling.Repository", "Api\OrderFilling\OrderFilling.Repository\OrderFilling.Repository.csproj", "{B12D15CA-F65B-477A-894D-167CA24F57E0}"
EndProject
Project("{9A19103F-16F7-4668-BE54-9A1E7A4F7556}") = "OrderFillingApi", "Api\OrderFilling\OrderFillingApi\OrderFillingApi.csproj", "{859C4709-2A4C-40A7-AB9C-54DC5CA92991}"
EndProject
Project("{2150E333-8FDC-42A3-9474-1A3956D46DE8}") = "CustomerAccount", "CustomerAccount", "{88AA0AF2-6133-4F39-95DD-66E947DE9BE7}"
EndProject
Project("{9A19103F-16F7-4668-BE54-9A1E7A4F7556}") = "CustomerAccountAPI", "Api\CustomerAccount\CustomerAccountAPI\CustomerAccountAPI.csproj", "{32A9F3D4-1B8F-4243-96B8-4927F92659D6}"
EndProject
Project("{9A19103F-16F7-4668-BE54-9A1E7A4F7556}") = "Entities", "Api\CustomerAccount\Entities\Entities.csproj", "{8DFDA311-11B6-4B81-AF39-D131F8EDABCF}"
EndProject
Project("{9A19103F-16F7-4668-BE54-9A1E7A4F7556}") = "IRepository", "Api\CustomerAccount\IRepository\IRepository.csproj", "{42DDA861-744A-41C7-A52B-994F1F49E765}"
EndProject
Project("{9A19103F-16F7-4668-BE54-9A1E7A4F7556}") = "Repository", "Api\CustomerAccount\Repository\Repository.csproj", "{CED17D6B-2820-4A91-8FE4-2D37A51B75F8}"
EndProject
Project("{2150E333-8FDC-42A3-9474-1A3956D46DE8}") = "NewProjectApprovalAPI", "NewProjectApprovalAPI", "{3F3DB404-1FCE-4050-A7A6-A1F86C9E57FB}"
EndProject
Project("{9A19103F-16F7-4668-BE54-9A1E7A4F7556}") = "NewProjectApproval.Entities", "Api\NewProjectApprovalAPI\NewProjectApproval.Entities\NewProjectApproval.Entities.csproj", "{1F55BC2F-230F-4285-BECB-248A979E27E3}"
EndProject
Project("{9A19103F-16F7-4668-BE54-9A1E7A4F7556}") = "NewProjectApproval.IRepositories", "Api\NewProjectApprovalAPI\NewProjectApproval.IRepositories\NewProjectApproval.IRepositories.csproj", "{4343BFE4-93ED-48D3-AE7B-FE39F9F02B72}"
EndProject
Project("{9A19103F-16F7-4668-BE54-9A1E7A4F7556}") = "NewProjectApprovalAPI", "Api\NewProjectApprovalAPI\NewProjectApprovalAPI\NewProjectApprovalAPI.csproj", "{89B9A56C-EDF9-4F22-A9D6-407802A58A19}"
EndProject
Project("{9A19103F-16F7-4668-BE54-9A1E7A4F7556}") = "NewProjectApproval.Repositories", "Api\NewProjectApprovalAPI\NewProjectApproval.Repositories\NewProjectApproval.Repositories.csproj", "{2844A0EA-6D77-4CA9-8DE7-0DDFA7DF92D8}"
EndProject
Project("{2150E333-8FDC-42A3-9474-1A3956D46DE8}") = "InvoiceCustomer", "InvoiceCustomer", "{FFF7FF25-1FCC-412F-95C4-FE3F6FCBEB09}"
EndProject
Project("{9A19103F-16F7-4668-BE54-9A1E7A4F7556}") = "InvoiceCustomerApi", "Api\InvoiceCustomer\InvoiceCustomerApi\InvoiceCustomerApi.csproj", "{A1D93777-8B39-4710-9E90-A0CD6C469B3C}"
EndProject
Project("{9A19103F-16F7-4668-BE54-9A1E7A4F7556}") = "InvoiceCustomerApi.Entities", "Api\InvoiceCustomer\InvoiceCustomerApi.Entities\InvoiceCustomerApi.Entities.csproj", "{A6551773-B611-4B80-8DA4-647E78FC9B62}"
EndProject
Project("{9A19103F-16F7-4668-BE54-9A1E7A4F7556}") = "InvoiceCustomerApi.IRepositories", "Api\InvoiceCustomer\InvoiceCustomerApi.IRepositories\InvoiceCustomerApi.IRepositories.csproj", "{EC86ADD9-7C97-4CAF-B4CD-F7FEA2620B97}"
EndProject
Project("{9A19103F-16F7-4668-BE54-9A1E7A4F7556}") = "InvoiceCustomerApi.Repositories", "Api\InvoiceCustomer\InvoiceCustomerApi.Repositories\InvoiceCustomerApi.Repositories.csproj", "{A153173F-9F42-48CC-AC8B-A6C39C544216}"
EndProject
Project("{2150E333-8FDC-42A3-9474-1A3956D46DE8}") = "TicketProccessing", "TicketProccessing", "{B1D9D6BC-96C7-4E6B-8692-A67788700CE7}"
EndProject
Project("{9A19103F-16F7-4668-BE54-9A1E7A4F7556}") = "TicketProcessingRestApi", "Api\TicketProccessing\TicketProcessingRestApi\TicketProcessingRestApi.csproj", "{4836263F-956C-4EE1-BAD7-1037A8822E21}"
EndProject
Project("{9A19103F-16F7-4668-BE54-9A1E7A4F7556}") = "TicketProcessingRestApi.Entities", "Api\TicketProccessing\TicketProcessingRestApi.Entities\TicketProcessingRestApi.Entities.csproj", "{CCF21C7B-C0A9-428E-A042-503E70F2B40E}"
EndProject
Project("{9A19103F-16F7-4668-BE54-9A1E7A4F7556}") = "TicketProcessingRestApi.IRepository", "Api\TicketProccessing\TicketProcessingRestApi.IRepository\TicketProcessingRestApi.IRepository.csproj", "{8C292FE7-4740-42B1-9231-5C9DF9074D2A}"
EndProject
Project("{9A19103F-16F7-4668-BE54-9A1E7A4F7556}") = "TicketProcessingRestApi.Repository", "Api\TicketProccessing\TicketProcessingRestApi.Repository\TicketProcessingRestApi.Repository.csproj", "{DB86F762-B93D-40A4-9FB9-ACAC767F3609}"
EndProject
Project("{2150E333-8FDC-42A3-9474-1A3956D46DE8}") = "HireEmployee", "HireEmployee", "{3335BA98-A648-4739-9F9A-C8BBD1C7FC3C}"
EndProject
Project("{9A19103F-16F7-4668-BE54-9A1E7A4F7556}") = "HireEmployee", "Api\HireEmployee\HireEmployee\HireEmployee.csproj", "{7511D487-4A97-48CD-BE94-901965399769}"
EndProject
Project("{9A19103F-16F7-4668-BE54-9A1E7A4F7556}") = "HireEmployee.Entities", "Api\HireEmployee\HireEmployee.Entities\HireEmployee.Entities.csproj", "{E3AE064D-C6F7-452C-B1D2-9B0C73D32213}"
EndProject
Project("{9A19103F-16F7-4668-BE54-9A1E7A4F7556}") = "HireEmployee.IRepositories", "Api\HireEmployee\HireEmployee.IRepositories\HireEmployee.IRepositories.csproj", "{D60042F2-C366-49FB-AE94-6ED81872FAB7}"
EndProject
Project("{9A19103F-16F7-4668-BE54-9A1E7A4F7556}") = "HireEmployee.Repositories", "Api\HireEmployee\HireEmployee.Repositories\HireEmployee.Repositories.csproj", "{CDA9DA1D-18A5-427C-A0DE-53676A17FF9A}"
EndProject
Project("{E53339B2-1760-4266-BCC7-CA923CBCF16C}") = "docker-compose", "docker-compose.dcproj", "{A930A0B2-860C-4B05-A77C-5E3F24528793}"
EndProject
Global
	GlobalSection(SolutionConfigurationPlatforms) = preSolution
		Debug|Any CPU = Debug|Any CPU
		Release|Any CPU = Release|Any CPU
	EndGlobalSection
	GlobalSection(ProjectConfigurationPlatforms) = postSolution
		{9523DF73-3763-4D20-9D31-F227FB73BE0A}.Debug|Any CPU.ActiveCfg = Debug|Any CPU
		{9523DF73-3763-4D20-9D31-F227FB73BE0A}.Debug|Any CPU.Build.0 = Debug|Any CPU
		{9523DF73-3763-4D20-9D31-F227FB73BE0A}.Release|Any CPU.ActiveCfg = Release|Any CPU
		{9523DF73-3763-4D20-9D31-F227FB73BE0A}.Release|Any CPU.Build.0 = Release|Any CPU
		{BE49CAB5-EA1A-4078-9221-B212E85E0AD3}.Debug|Any CPU.ActiveCfg = Debug|Any CPU
		{BE49CAB5-EA1A-4078-9221-B212E85E0AD3}.Debug|Any CPU.Build.0 = Debug|Any CPU
		{BE49CAB5-EA1A-4078-9221-B212E85E0AD3}.Release|Any CPU.ActiveCfg = Release|Any CPU
		{BE49CAB5-EA1A-4078-9221-B212E85E0AD3}.Release|Any CPU.Build.0 = Release|Any CPU
		{071BE2EE-469C-4405-AE5F-9ED3DAC37734}.Debug|Any CPU.ActiveCfg = Debug|Any CPU
		{071BE2EE-469C-4405-AE5F-9ED3DAC37734}.Debug|Any CPU.Build.0 = Debug|Any CPU
		{071BE2EE-469C-4405-AE5F-9ED3DAC37734}.Release|Any CPU.ActiveCfg = Release|Any CPU
		{071BE2EE-469C-4405-AE5F-9ED3DAC37734}.Release|Any CPU.Build.0 = Release|Any CPU
		{B12D15CA-F65B-477A-894D-167CA24F57E0}.Debug|Any CPU.ActiveCfg = Debug|Any CPU
		{B12D15CA-F65B-477A-894D-167CA24F57E0}.Debug|Any CPU.Build.0 = Debug|Any CPU
		{B12D15CA-F65B-477A-894D-167CA24F57E0}.Release|Any CPU.ActiveCfg = Release|Any CPU
		{B12D15CA-F65B-477A-894D-167CA24F57E0}.Release|Any CPU.Build.0 = Release|Any CPU
		{859C4709-2A4C-40A7-AB9C-54DC5CA92991}.Debug|Any CPU.ActiveCfg = Debug|Any CPU
		{859C4709-2A4C-40A7-AB9C-54DC5CA92991}.Debug|Any CPU.Build.0 = Debug|Any CPU
		{859C4709-2A4C-40A7-AB9C-54DC5CA92991}.Release|Any CPU.ActiveCfg = Release|Any CPU
		{859C4709-2A4C-40A7-AB9C-54DC5CA92991}.Release|Any CPU.Build.0 = Release|Any CPU
		{32A9F3D4-1B8F-4243-96B8-4927F92659D6}.Debug|Any CPU.ActiveCfg = Debug|Any CPU
		{32A9F3D4-1B8F-4243-96B8-4927F92659D6}.Debug|Any CPU.Build.0 = Debug|Any CPU
		{32A9F3D4-1B8F-4243-96B8-4927F92659D6}.Release|Any CPU.ActiveCfg = Release|Any CPU
		{32A9F3D4-1B8F-4243-96B8-4927F92659D6}.Release|Any CPU.Build.0 = Release|Any CPU
		{8DFDA311-11B6-4B81-AF39-D131F8EDABCF}.Debug|Any CPU.ActiveCfg = Debug|Any CPU
		{8DFDA311-11B6-4B81-AF39-D131F8EDABCF}.Debug|Any CPU.Build.0 = Debug|Any CPU
		{8DFDA311-11B6-4B81-AF39-D131F8EDABCF}.Release|Any CPU.ActiveCfg = Release|Any CPU
		{8DFDA311-11B6-4B81-AF39-D131F8EDABCF}.Release|Any CPU.Build.0 = Release|Any CPU
		{42DDA861-744A-41C7-A52B-994F1F49E765}.Debug|Any CPU.ActiveCfg = Debug|Any CPU
		{42DDA861-744A-41C7-A52B-994F1F49E765}.Debug|Any CPU.Build.0 = Debug|Any CPU
		{42DDA861-744A-41C7-A52B-994F1F49E765}.Release|Any CPU.ActiveCfg = Release|Any CPU
		{42DDA861-744A-41C7-A52B-994F1F49E765}.Release|Any CPU.Build.0 = Release|Any CPU
		{CED17D6B-2820-4A91-8FE4-2D37A51B75F8}.Debug|Any CPU.ActiveCfg = Debug|Any CPU
		{CED17D6B-2820-4A91-8FE4-2D37A51B75F8}.Debug|Any CPU.Build.0 = Debug|Any CPU
		{CED17D6B-2820-4A91-8FE4-2D37A51B75F8}.Release|Any CPU.ActiveCfg = Release|Any CPU
		{CED17D6B-2820-4A91-8FE4-2D37A51B75F8}.Release|Any CPU.Build.0 = Release|Any CPU
		{1F55BC2F-230F-4285-BECB-248A979E27E3}.Debug|Any CPU.ActiveCfg = Debug|Any CPU
		{1F55BC2F-230F-4285-BECB-248A979E27E3}.Debug|Any CPU.Build.0 = Debug|Any CPU
		{1F55BC2F-230F-4285-BECB-248A979E27E3}.Release|Any CPU.ActiveCfg = Release|Any CPU
		{1F55BC2F-230F-4285-BECB-248A979E27E3}.Release|Any CPU.Build.0 = Release|Any CPU
		{4343BFE4-93ED-48D3-AE7B-FE39F9F02B72}.Debug|Any CPU.ActiveCfg = Debug|Any CPU
		{4343BFE4-93ED-48D3-AE7B-FE39F9F02B72}.Debug|Any CPU.Build.0 = Debug|Any CPU
		{4343BFE4-93ED-48D3-AE7B-FE39F9F02B72}.Release|Any CPU.ActiveCfg = Release|Any CPU
		{4343BFE4-93ED-48D3-AE7B-FE39F9F02B72}.Release|Any CPU.Build.0 = Release|Any CPU
		{89B9A56C-EDF9-4F22-A9D6-407802A58A19}.Debug|Any CPU.ActiveCfg = Debug|Any CPU
		{89B9A56C-EDF9-4F22-A9D6-407802A58A19}.Debug|Any CPU.Build.0 = Debug|Any CPU
		{89B9A56C-EDF9-4F22-A9D6-407802A58A19}.Release|Any CPU.ActiveCfg = Release|Any CPU
		{89B9A56C-EDF9-4F22-A9D6-407802A58A19}.Release|Any CPU.Build.0 = Release|Any CPU
		{2844A0EA-6D77-4CA9-8DE7-0DDFA7DF92D8}.Debug|Any CPU.ActiveCfg = Debug|Any CPU
		{2844A0EA-6D77-4CA9-8DE7-0DDFA7DF92D8}.Debug|Any CPU.Build.0 = Debug|Any CPU
		{2844A0EA-6D77-4CA9-8DE7-0DDFA7DF92D8}.Release|Any CPU.ActiveCfg = Release|Any CPU
		{2844A0EA-6D77-4CA9-8DE7-0DDFA7DF92D8}.Release|Any CPU.Build.0 = Release|Any CPU
		{A1D93777-8B39-4710-9E90-A0CD6C469B3C}.Debug|Any CPU.ActiveCfg = Debug|Any CPU
		{A1D93777-8B39-4710-9E90-A0CD6C469B3C}.Debug|Any CPU.Build.0 = Debug|Any CPU
		{A1D93777-8B39-4710-9E90-A0CD6C469B3C}.Release|Any CPU.ActiveCfg = Release|Any CPU
		{A1D93777-8B39-4710-9E90-A0CD6C469B3C}.Release|Any CPU.Build.0 = Release|Any CPU
		{A6551773-B611-4B80-8DA4-647E78FC9B62}.Debug|Any CPU.ActiveCfg = Debug|Any CPU
		{A6551773-B611-4B80-8DA4-647E78FC9B62}.Debug|Any CPU.Build.0 = Debug|Any CPU
		{A6551773-B611-4B80-8DA4-647E78FC9B62}.Release|Any CPU.ActiveCfg = Release|Any CPU
		{A6551773-B611-4B80-8DA4-647E78FC9B62}.Release|Any CPU.Build.0 = Release|Any CPU
		{EC86ADD9-7C97-4CAF-B4CD-F7FEA2620B97}.Debug|Any CPU.ActiveCfg = Debug|Any CPU
		{EC86ADD9-7C97-4CAF-B4CD-F7FEA2620B97}.Debug|Any CPU.Build.0 = Debug|Any CPU
		{EC86ADD9-7C97-4CAF-B4CD-F7FEA2620B97}.Release|Any CPU.ActiveCfg = Release|Any CPU
		{EC86ADD9-7C97-4CAF-B4CD-F7FEA2620B97}.Release|Any CPU.Build.0 = Release|Any CPU
		{A153173F-9F42-48CC-AC8B-A6C39C544216}.Debug|Any CPU.ActiveCfg = Debug|Any CPU
		{A153173F-9F42-48CC-AC8B-A6C39C544216}.Debug|Any CPU.Build.0 = Debug|Any CPU
		{A153173F-9F42-48CC-AC8B-A6C39C544216}.Release|Any CPU.ActiveCfg = Release|Any CPU
		{A153173F-9F42-48CC-AC8B-A6C39C544216}.Release|Any CPU.Build.0 = Release|Any CPU
		{4836263F-956C-4EE1-BAD7-1037A8822E21}.Debug|Any CPU.ActiveCfg = Debug|Any CPU
		{4836263F-956C-4EE1-BAD7-1037A8822E21}.Debug|Any CPU.Build.0 = Debug|Any CPU
		{4836263F-956C-4EE1-BAD7-1037A8822E21}.Release|Any CPU.ActiveCfg = Release|Any CPU
		{4836263F-956C-4EE1-BAD7-1037A8822E21}.Release|Any CPU.Build.0 = Release|Any CPU
		{CCF21C7B-C0A9-428E-A042-503E70F2B40E}.Debug|Any CPU.ActiveCfg = Debug|Any CPU
		{CCF21C7B-C0A9-428E-A042-503E70F2B40E}.Debug|Any CPU.Build.0 = Debug|Any CPU
		{CCF21C7B-C0A9-428E-A042-503E70F2B40E}.Release|Any CPU.ActiveCfg = Release|Any CPU
		{CCF21C7B-C0A9-428E-A042-503E70F2B40E}.Release|Any CPU.Build.0 = Release|Any CPU
		{8C292FE7-4740-42B1-9231-5C9DF9074D2A}.Debug|Any CPU.ActiveCfg = Debug|Any CPU
		{8C292FE7-4740-42B1-9231-5C9DF9074D2A}.Debug|Any CPU.Build.0 = Debug|Any CPU
		{8C292FE7-4740-42B1-9231-5C9DF9074D2A}.Release|Any CPU.ActiveCfg = Release|Any CPU
		{8C292FE7-4740-42B1-9231-5C9DF9074D2A}.Release|Any CPU.Build.0 = Release|Any CPU
		{DB86F762-B93D-40A4-9FB9-ACAC767F3609}.Debug|Any CPU.ActiveCfg = Debug|Any CPU
		{DB86F762-B93D-40A4-9FB9-ACAC767F3609}.Debug|Any CPU.Build.0 = Debug|Any CPU
		{DB86F762-B93D-40A4-9FB9-ACAC767F3609}.Release|Any CPU.ActiveCfg = Release|Any CPU
		{DB86F762-B93D-40A4-9FB9-ACAC767F3609}.Release|Any CPU.Build.0 = Release|Any CPU
		{7511D487-4A97-48CD-BE94-901965399769}.Debug|Any CPU.ActiveCfg = Debug|Any CPU
		{7511D487-4A97-48CD-BE94-901965399769}.Debug|Any CPU.Build.0 = Debug|Any CPU
		{7511D487-4A97-48CD-BE94-901965399769}.Release|Any CPU.ActiveCfg = Release|Any CPU
		{7511D487-4A97-48CD-BE94-901965399769}.Release|Any CPU.Build.0 = Release|Any CPU
		{E3AE064D-C6F7-452C-B1D2-9B0C73D32213}.Debug|Any CPU.ActiveCfg = Debug|Any CPU
		{E3AE064D-C6F7-452C-B1D2-9B0C73D32213}.Debug|Any CPU.Build.0 = Debug|Any CPU
		{E3AE064D-C6F7-452C-B1D2-9B0C73D32213}.Release|Any CPU.ActiveCfg = Release|Any CPU
		{E3AE064D-C6F7-452C-B1D2-9B0C73D32213}.Release|Any CPU.Build.0 = Release|Any CPU
		{D60042F2-C366-49FB-AE94-6ED81872FAB7}.Debug|Any CPU.ActiveCfg = Debug|Any CPU
		{D60042F2-C366-49FB-AE94-6ED81872FAB7}.Debug|Any CPU.Build.0 = Debug|Any CPU
		{D60042F2-C366-49FB-AE94-6ED81872FAB7}.Release|Any CPU.ActiveCfg = Release|Any CPU
		{D60042F2-C366-49FB-AE94-6ED81872FAB7}.Release|Any CPU.Build.0 = Release|Any CPU
		{CDA9DA1D-18A5-427C-A0DE-53676A17FF9A}.Debug|Any CPU.ActiveCfg = Debug|Any CPU
		{CDA9DA1D-18A5-427C-A0DE-53676A17FF9A}.Debug|Any CPU.Build.0 = Debug|Any CPU
		{CDA9DA1D-18A5-427C-A0DE-53676A17FF9A}.Release|Any CPU.ActiveCfg = Release|Any CPU
		{CDA9DA1D-18A5-427C-A0DE-53676A17FF9A}.Release|Any CPU.Build.0 = Release|Any CPU
		{A930A0B2-860C-4B05-A77C-5E3F24528793}.Debug|Any CPU.ActiveCfg = Debug|Any CPU
		{A930A0B2-860C-4B05-A77C-5E3F24528793}.Debug|Any CPU.Build.0 = Debug|Any CPU
		{A930A0B2-860C-4B05-A77C-5E3F24528793}.Release|Any CPU.ActiveCfg = Release|Any CPU
		{A930A0B2-860C-4B05-A77C-5E3F24528793}.Release|Any CPU.Build.0 = Release|Any CPU
	EndGlobalSection
	GlobalSection(SolutionProperties) = preSolution
		HideSolutionNode = FALSE
	EndGlobalSection
	GlobalSection(NestedProjects) = preSolution
		{9523DF73-3763-4D20-9D31-F227FB73BE0A} = {E2799A12-C0EB-4F81-A54D-2255F7678347}
		{94B6C6D0-4D8A-41A5-A3CD-A97A3FD355AD} = {FB8E28CF-6322-4E66-8738-7B5F89699E93}
		{BE49CAB5-EA1A-4078-9221-B212E85E0AD3} = {94B6C6D0-4D8A-41A5-A3CD-A97A3FD355AD}
		{071BE2EE-469C-4405-AE5F-9ED3DAC37734} = {94B6C6D0-4D8A-41A5-A3CD-A97A3FD355AD}
		{B12D15CA-F65B-477A-894D-167CA24F57E0} = {94B6C6D0-4D8A-41A5-A3CD-A97A3FD355AD}
		{859C4709-2A4C-40A7-AB9C-54DC5CA92991} = {94B6C6D0-4D8A-41A5-A3CD-A97A3FD355AD}
		{88AA0AF2-6133-4F39-95DD-66E947DE9BE7} = {FB8E28CF-6322-4E66-8738-7B5F89699E93}
		{32A9F3D4-1B8F-4243-96B8-4927F92659D6} = {88AA0AF2-6133-4F39-95DD-66E947DE9BE7}
		{8DFDA311-11B6-4B81-AF39-D131F8EDABCF} = {88AA0AF2-6133-4F39-95DD-66E947DE9BE7}
		{42DDA861-744A-41C7-A52B-994F1F49E765} = {88AA0AF2-6133-4F39-95DD-66E947DE9BE7}
		{CED17D6B-2820-4A91-8FE4-2D37A51B75F8} = {88AA0AF2-6133-4F39-95DD-66E947DE9BE7}
		{3F3DB404-1FCE-4050-A7A6-A1F86C9E57FB} = {FB8E28CF-6322-4E66-8738-7B5F89699E93}
		{1F55BC2F-230F-4285-BECB-248A979E27E3} = {3F3DB404-1FCE-4050-A7A6-A1F86C9E57FB}
		{4343BFE4-93ED-48D3-AE7B-FE39F9F02B72} = {3F3DB404-1FCE-4050-A7A6-A1F86C9E57FB}
		{89B9A56C-EDF9-4F22-A9D6-407802A58A19} = {3F3DB404-1FCE-4050-A7A6-A1F86C9E57FB}
		{2844A0EA-6D77-4CA9-8DE7-0DDFA7DF92D8} = {3F3DB404-1FCE-4050-A7A6-A1F86C9E57FB}
		{FFF7FF25-1FCC-412F-95C4-FE3F6FCBEB09} = {FB8E28CF-6322-4E66-8738-7B5F89699E93}
		{A1D93777-8B39-4710-9E90-A0CD6C469B3C} = {FFF7FF25-1FCC-412F-95C4-FE3F6FCBEB09}
		{A6551773-B611-4B80-8DA4-647E78FC9B62} = {FFF7FF25-1FCC-412F-95C4-FE3F6FCBEB09}
		{EC86ADD9-7C97-4CAF-B4CD-F7FEA2620B97} = {FFF7FF25-1FCC-412F-95C4-FE3F6FCBEB09}
		{A153173F-9F42-48CC-AC8B-A6C39C544216} = {FFF7FF25-1FCC-412F-95C4-FE3F6FCBEB09}
		{B1D9D6BC-96C7-4E6B-8692-A67788700CE7} = {FB8E28CF-6322-4E66-8738-7B5F89699E93}
		{4836263F-956C-4EE1-BAD7-1037A8822E21} = {B1D9D6BC-96C7-4E6B-8692-A67788700CE7}
		{CCF21C7B-C0A9-428E-A042-503E70F2B40E} = {B1D9D6BC-96C7-4E6B-8692-A67788700CE7}
		{8C292FE7-4740-42B1-9231-5C9DF9074D2A} = {B1D9D6BC-96C7-4E6B-8692-A67788700CE7}
		{DB86F762-B93D-40A4-9FB9-ACAC767F3609} = {B1D9D6BC-96C7-4E6B-8692-A67788700CE7}
		{3335BA98-A648-4739-9F9A-C8BBD1C7FC3C} = {FB8E28CF-6322-4E66-8738-7B5F89699E93}
		{7511D487-4A97-48CD-BE94-901965399769} = {3335BA98-A648-4739-9F9A-C8BBD1C7FC3C}
		{E3AE064D-C6F7-452C-B1D2-9B0C73D32213} = {3335BA98-A648-4739-9F9A-C8BBD1C7FC3C}
		{D60042F2-C366-49FB-AE94-6ED81872FAB7} = {3335BA98-A648-4739-9F9A-C8BBD1C7FC3C}
		{CDA9DA1D-18A5-427C-A0DE-53676A17FF9A} = {3335BA98-A648-4739-9F9A-C8BBD1C7FC3C}
	EndGlobalSection
	GlobalSection(ExtensibilityGlobals) = postSolution
		SolutionGuid = {6586EFB3-2334-41B5-95C6-C229AC598442}
	EndGlobalSection
EndGlobal
