
Microsoft Visual Studio Solution File, Format Version 12.00
# Visual Studio Version 16
VisualStudioVersion = 16.0.31729.503
MinimumVisualStudioVersion = 10.0.40219.1
Project("{2150E333-8FDC-42A3-9474-1A3956D46DE8}") = "Server", "Server", "{E2799A12-C0EB-4F81-A54D-2255F7678347}"
EndProject
Project("{2150E333-8FDC-42A3-9474-1A3956D46DE8}") = "Api", "Api", "{FB8E28CF-6322-4E66-8738-7B5F89699E93}"
EndProject
Project("{9A19103F-16F7-4668-BE54-9A1E7A4F7556}") = "Elsa.Server", "Server\Elsa.Server\Elsa.Server.csproj", "{9523DF73-3763-4D20-9D31-F227FB73BE0A}"
EndProject
Project("{2150E333-8FDC-42A3-9474-1A3956D46DE8}") = "OrderFilling", "OrderFilling", "{94B6C6D0-4D8A-41A5-A3CD-A97A3FD355AD}"
EndProject
Project("{9A19103F-16F7-4668-BE54-9A1E7A4F7556}") = "OrderFilling.Entities", "Api\OrderFilling\OrderFilling.Entities\OrderFilling.Entities.csproj", "{BE49CAB5-EA1A-4078-9221-B212E85E0AD3}"
EndProject
Project("{9A19103F-16F7-4668-BE54-9A1E7A4F7556}") = "OrderFilling.IRepository", "Api\OrderFilling\OrderFilling.IRepository\OrderFilling.IRepository.csproj", "{071BE2EE-469C-4405-AE5F-9ED3DAC37734}"
EndProject
Project("{9A19103F-16F7-4668-BE54-9A1E7A4F7556}") = "OrderFilling.Repository", "Api\OrderFilling\OrderFilling.Repository\OrderFilling.Repository.csproj", "{B12D15CA-F65B-477A-894D-167CA24F57E0}"
EndProject
Project("{9A19103F-16F7-4668-BE54-9A1E7A4F7556}") = "OrderFillingApi", "Api\OrderFilling\OrderFillingApi\OrderFillingApi.csproj", "{859C4709-2A4C-40A7-AB9C-54DC5CA92991}"
EndProject
Project("{2150E333-8FDC-42A3-9474-1A3956D46DE8}") = "NewProjectApprovalAPI", "NewProjectApprovalAPI", "{3F3DB404-1FCE-4050-A7A6-A1F86C9E57FB}"
EndProject
Project("{9A19103F-16F7-4668-BE54-9A1E7A4F7556}") = "NewProjectApproval.Entities", "Api\NewProjectApprovalAPI\NewProjectApproval.Entities\NewProjectApproval.Entities.csproj", "{1F55BC2F-230F-4285-BECB-248A979E27E3}"
EndProject
Project("{9A19103F-16F7-4668-BE54-9A1E7A4F7556}") = "NewProjectApproval.IRepositories", "Api\NewProjectApprovalAPI\NewProjectApproval.IRepositories\NewProjectApproval.IRepositories.csproj", "{4343BFE4-93ED-48D3-AE7B-FE39F9F02B72}"
EndProject
Project("{9A19103F-16F7-4668-BE54-9A1E7A4F7556}") = "NewProjectApprovalAPI", "Api\NewProjectApprovalAPI\NewProjectApprovalAPI\NewProjectApprovalAPI.csproj", "{89B9A56C-EDF9-4F22-A9D6-407802A58A19}"
EndProject
Project("{9A19103F-16F7-4668-BE54-9A1E7A4F7556}") = "NewProjectApproval.Repositories", "Api\NewProjectApprovalAPI\NewProjectApproval.Repositories\NewProjectApproval.Repositories.csproj", "{2844A0EA-6D77-4CA9-8DE7-0DDFA7DF92D8}"
EndProject
Project("{2150E333-8FDC-42A3-9474-1A3956D46DE8}") = "InvoiceCustomer", "InvoiceCustomer", "{FFF7FF25-1FCC-412F-95C4-FE3F6FCBEB09}"
EndProject
Project("{9A19103F-16F7-4668-BE54-9A1E7A4F7556}") = "InvoiceCustomerApi", "Api\InvoiceCustomer\InvoiceCustomerApi\InvoiceCustomerApi.csproj", "{DA1138A1-CBA1-4F57-A536-471F6F1AA412}"
EndProject
Project("{9A19103F-16F7-4668-BE54-9A1E7A4F7556}") = "InvoiceCustomerApi.Entities", "Api\InvoiceCustomer\InvoiceCustomerApi.Entities\InvoiceCustomerApi.Entities.csproj", "{0E3F997D-1BAD-4209-8ECC-D3547431C14C}"
EndProject
Project("{9A19103F-16F7-4668-BE54-9A1E7A4F7556}") = "InvoiceCustomerApi.IRepositories", "Api\InvoiceCustomer\InvoiceCustomerApi.IRepositories\InvoiceCustomerApi.IRepositories.csproj", "{69850FFB-EBE0-4357-994A-5EE04A5759E7}"
EndProject
Project("{9A19103F-16F7-4668-BE54-9A1E7A4F7556}") = "InvoiceCustomerApi.Repositories", "Api\InvoiceCustomer\InvoiceCustomerApi.Repositories\InvoiceCustomerApi.Repositories.csproj", "{BB68FABB-0E09-4A25-BC49-5E5AB4B547AF}"
EndProject
Project("{2150E333-8FDC-42A3-9474-1A3956D46DE8}") = "TicketProccessing", "TicketProccessing", "{B1D9D6BC-96C7-4E6B-8692-A67788700CE7}"
EndProject
Project("{9A19103F-16F7-4668-BE54-9A1E7A4F7556}") = "TicketProcessingRestApi", "Api\TicketProccessing\TicketProcessingRestApi\TicketProcessingRestApi.csproj", "{4836263F-956C-4EE1-BAD7-1037A8822E21}"
EndProject
Project("{9A19103F-16F7-4668-BE54-9A1E7A4F7556}") = "TicketProcessingRestApi.Entities", "Api\TicketProccessing\TicketProcessingRestApi.Entities\TicketProcessingRestApi.Entities.csproj", "{CCF21C7B-C0A9-428E-A042-503E70F2B40E}"
EndProject
Project("{9A19103F-16F7-4668-BE54-9A1E7A4F7556}") = "TicketProcessingRestApi.IRepository", "Api\TicketProccessing\TicketProcessingRestApi.IRepository\TicketProcessingRestApi.IRepository.csproj", "{8C292FE7-4740-42B1-9231-5C9DF9074D2A}"
EndProject
Project("{9A19103F-16F7-4668-BE54-9A1E7A4F7556}") = "TicketProcessingRestApi.Repository", "Api\TicketProccessing\TicketProcessingRestApi.Repository\TicketProcessingRestApi.Repository.csproj", "{DB86F762-B93D-40A4-9FB9-ACAC767F3609}"
EndProject
Global
	GlobalSection(SolutionConfigurationPlatforms) = preSolution
		Debug|Any CPU = Debug|Any CPU
		Release|Any CPU = Release|Any CPU
	EndGlobalSection
	GlobalSection(ProjectConfigurationPlatforms) = postSolution
		{9523DF73-3763-4D20-9D31-F227FB73BE0A}.Debug|Any CPU.ActiveCfg = Debug|Any CPU
		{9523DF73-3763-4D20-9D31-F227FB73BE0A}.Debug|Any CPU.Build.0 = Debug|Any CPU
		{9523DF73-3763-4D20-9D31-F227FB73BE0A}.Release|Any CPU.ActiveCfg = Release|Any CPU
		{9523DF73-3763-4D20-9D31-F227FB73BE0A}.Release|Any CPU.Build.0 = Release|Any CPU
		{BE49CAB5-EA1A-4078-9221-B212E85E0AD3}.Debug|Any CPU.ActiveCfg = Debug|Any CPU
		{BE49CAB5-EA1A-4078-9221-B212E85E0AD3}.Debug|Any CPU.Build.0 = Debug|Any CPU
		{BE49CAB5-EA1A-4078-9221-B212E85E0AD3}.Release|Any CPU.ActiveCfg = Release|Any CPU
		{BE49CAB5-EA1A-4078-9221-B212E85E0AD3}.Release|Any CPU.Build.0 = Release|Any CPU
		{071BE2EE-469C-4405-AE5F-9ED3DAC37734}.Debug|Any CPU.ActiveCfg = Debug|Any CPU
		{071BE2EE-469C-4405-AE5F-9ED3DAC37734}.Debug|Any CPU.Build.0 = Debug|Any CPU
		{071BE2EE-469C-4405-AE5F-9ED3DAC37734}.Release|Any CPU.ActiveCfg = Release|Any CPU
		{071BE2EE-469C-4405-AE5F-9ED3DAC37734}.Release|Any CPU.Build.0 = Release|Any CPU
		{B12D15CA-F65B-477A-894D-167CA24F57E0}.Debug|Any CPU.ActiveCfg = Debug|Any CPU
		{B12D15CA-F65B-477A-894D-167CA24F57E0}.Debug|Any CPU.Build.0 = Debug|Any CPU
		{B12D15CA-F65B-477A-894D-167CA24F57E0}.Release|Any CPU.ActiveCfg = Release|Any CPU
		{B12D15CA-F65B-477A-894D-167CA24F57E0}.Release|Any CPU.Build.0 = Release|Any CPU
		{859C4709-2A4C-40A7-AB9C-54DC5CA92991}.Debug|Any CPU.ActiveCfg = Debug|Any CPU
		{859C4709-2A4C-40A7-AB9C-54DC5CA92991}.Debug|Any CPU.Build.0 = Debug|Any CPU
		{859C4709-2A4C-40A7-AB9C-54DC5CA92991}.Release|Any CPU.ActiveCfg = Release|Any CPU
		{859C4709-2A4C-40A7-AB9C-54DC5CA92991}.Release|Any CPU.Build.0 = Release|Any CPU
		{1F55BC2F-230F-4285-BECB-248A979E27E3}.Debug|Any CPU.ActiveCfg = Debug|Any CPU
		{1F55BC2F-230F-4285-BECB-248A979E27E3}.Debug|Any CPU.Build.0 = Debug|Any CPU
		{1F55BC2F-230F-4285-BECB-248A979E27E3}.Release|Any CPU.ActiveCfg = Release|Any CPU
		{1F55BC2F-230F-4285-BECB-248A979E27E3}.Release|Any CPU.Build.0 = Release|Any CPU
		{4343BFE4-93ED-48D3-AE7B-FE39F9F02B72}.Debug|Any CPU.ActiveCfg = Debug|Any CPU
		{4343BFE4-93ED-48D3-AE7B-FE39F9F02B72}.Debug|Any CPU.Build.0 = Debug|Any CPU
		{4343BFE4-93ED-48D3-AE7B-FE39F9F02B72}.Release|Any CPU.ActiveCfg = Release|Any CPU
		{4343BFE4-93ED-48D3-AE7B-FE39F9F02B72}.Release|Any CPU.Build.0 = Release|Any CPU
		{89B9A56C-EDF9-4F22-A9D6-407802A58A19}.Debug|Any CPU.ActiveCfg = Debug|Any CPU
		{89B9A56C-EDF9-4F22-A9D6-407802A58A19}.Debug|Any CPU.Build.0 = Debug|Any CPU
		{89B9A56C-EDF9-4F22-A9D6-407802A58A19}.Release|Any CPU.ActiveCfg = Release|Any CPU
		{89B9A56C-EDF9-4F22-A9D6-407802A58A19}.Release|Any CPU.Build.0 = Release|Any CPU
		{2844A0EA-6D77-4CA9-8DE7-0DDFA7DF92D8}.Debug|Any CPU.ActiveCfg = Debug|Any CPU
		{2844A0EA-6D77-4CA9-8DE7-0DDFA7DF92D8}.Debug|Any CPU.Build.0 = Debug|Any CPU
		{2844A0EA-6D77-4CA9-8DE7-0DDFA7DF92D8}.Release|Any CPU.ActiveCfg = Release|Any CPU
		{2844A0EA-6D77-4CA9-8DE7-0DDFA7DF92D8}.Release|Any CPU.Build.0 = Release|Any CPU
		{DA1138A1-CBA1-4F57-A536-471F6F1AA412}.Debug|Any CPU.ActiveCfg = Debug|Any CPU
		{DA1138A1-CBA1-4F57-A536-471F6F1AA412}.Debug|Any CPU.Build.0 = Debug|Any CPU
		{DA1138A1-CBA1-4F57-A536-471F6F1AA412}.Release|Any CPU.ActiveCfg = Release|Any CPU
		{DA1138A1-CBA1-4F57-A536-471F6F1AA412}.Release|Any CPU.Build.0 = Release|Any CPU
		{0E3F997D-1BAD-4209-8ECC-D3547431C14C}.Debug|Any CPU.ActiveCfg = Debug|Any CPU
		{0E3F997D-1BAD-4209-8ECC-D3547431C14C}.Debug|Any CPU.Build.0 = Debug|Any CPU
		{0E3F997D-1BAD-4209-8ECC-D3547431C14C}.Release|Any CPU.ActiveCfg = Release|Any CPU
		{0E3F997D-1BAD-4209-8ECC-D3547431C14C}.Release|Any CPU.Build.0 = Release|Any CPU
		{69850FFB-EBE0-4357-994A-5EE04A5759E7}.Debug|Any CPU.ActiveCfg = Debug|Any CPU
		{69850FFB-EBE0-4357-994A-5EE04A5759E7}.Debug|Any CPU.Build.0 = Debug|Any CPU
		{69850FFB-EBE0-4357-994A-5EE04A5759E7}.Release|Any CPU.ActiveCfg = Release|Any CPU
		{69850FFB-EBE0-4357-994A-5EE04A5759E7}.Release|Any CPU.Build.0 = Release|Any CPU
		{BB68FABB-0E09-4A25-BC49-5E5AB4B547AF}.Debug|Any CPU.ActiveCfg = Debug|Any CPU
		{BB68FABB-0E09-4A25-BC49-5E5AB4B547AF}.Debug|Any CPU.Build.0 = Debug|Any CPU
		{BB68FABB-0E09-4A25-BC49-5E5AB4B547AF}.Release|Any CPU.ActiveCfg = Release|Any CPU
		{BB68FABB-0E09-4A25-BC49-5E5AB4B547AF}.Release|Any CPU.Build.0 = Release|Any CPU
		{4836263F-956C-4EE1-BAD7-1037A8822E21}.Debug|Any CPU.ActiveCfg = Debug|Any CPU
		{4836263F-956C-4EE1-BAD7-1037A8822E21}.Debug|Any CPU.Build.0 = Debug|Any CPU
		{4836263F-956C-4EE1-BAD7-1037A8822E21}.Release|Any CPU.ActiveCfg = Release|Any CPU
		{4836263F-956C-4EE1-BAD7-1037A8822E21}.Release|Any CPU.Build.0 = Release|Any CPU
		{CCF21C7B-C0A9-428E-A042-503E70F2B40E}.Debug|Any CPU.ActiveCfg = Debug|Any CPU
		{CCF21C7B-C0A9-428E-A042-503E70F2B40E}.Debug|Any CPU.Build.0 = Debug|Any CPU
		{CCF21C7B-C0A9-428E-A042-503E70F2B40E}.Release|Any CPU.ActiveCfg = Release|Any CPU
		{CCF21C7B-C0A9-428E-A042-503E70F2B40E}.Release|Any CPU.Build.0 = Release|Any CPU
		{8C292FE7-4740-42B1-9231-5C9DF9074D2A}.Debug|Any CPU.ActiveCfg = Debug|Any CPU
		{8C292FE7-4740-42B1-9231-5C9DF9074D2A}.Debug|Any CPU.Build.0 = Debug|Any CPU
		{8C292FE7-4740-42B1-9231-5C9DF9074D2A}.Release|Any CPU.ActiveCfg = Release|Any CPU
		{8C292FE7-4740-42B1-9231-5C9DF9074D2A}.Release|Any CPU.Build.0 = Release|Any CPU
		{DB86F762-B93D-40A4-9FB9-ACAC767F3609}.Debug|Any CPU.ActiveCfg = Debug|Any CPU
		{DB86F762-B93D-40A4-9FB9-ACAC767F3609}.Debug|Any CPU.Build.0 = Debug|Any CPU
		{DB86F762-B93D-40A4-9FB9-ACAC767F3609}.Release|Any CPU.ActiveCfg = Release|Any CPU
		{DB86F762-B93D-40A4-9FB9-ACAC767F3609}.Release|Any CPU.Build.0 = Release|Any CPU
	EndGlobalSection
	GlobalSection(SolutionProperties) = preSolution
		HideSolutionNode = FALSE
	EndGlobalSection
	GlobalSection(NestedProjects) = preSolution
		{9523DF73-3763-4D20-9D31-F227FB73BE0A} = {E2799A12-C0EB-4F81-A54D-2255F7678347}
		{94B6C6D0-4D8A-41A5-A3CD-A97A3FD355AD} = {FB8E28CF-6322-4E66-8738-7B5F89699E93}
		{BE49CAB5-EA1A-4078-9221-B212E85E0AD3} = {94B6C6D0-4D8A-41A5-A3CD-A97A3FD355AD}
		{071BE2EE-469C-4405-AE5F-9ED3DAC37734} = {94B6C6D0-4D8A-41A5-A3CD-A97A3FD355AD}
		{B12D15CA-F65B-477A-894D-167CA24F57E0} = {94B6C6D0-4D8A-41A5-A3CD-A97A3FD355AD}
		{859C4709-2A4C-40A7-AB9C-54DC5CA92991} = {94B6C6D0-4D8A-41A5-A3CD-A97A3FD355AD}
		{3F3DB404-1FCE-4050-A7A6-A1F86C9E57FB} = {FB8E28CF-6322-4E66-8738-7B5F89699E93}
		{1F55BC2F-230F-4285-BECB-248A979E27E3} = {3F3DB404-1FCE-4050-A7A6-A1F86C9E57FB}
		{4343BFE4-93ED-48D3-AE7B-FE39F9F02B72} = {3F3DB404-1FCE-4050-A7A6-A1F86C9E57FB}
		{89B9A56C-EDF9-4F22-A9D6-407802A58A19} = {3F3DB404-1FCE-4050-A7A6-A1F86C9E57FB}
		{2844A0EA-6D77-4CA9-8DE7-0DDFA7DF92D8} = {3F3DB404-1FCE-4050-A7A6-A1F86C9E57FB}
		{FFF7FF25-1FCC-412F-95C4-FE3F6FCBEB09} = {FB8E28CF-6322-4E66-8738-7B5F89699E93}
		{DA1138A1-CBA1-4F57-A536-471F6F1AA412} = {FFF7FF25-1FCC-412F-95C4-FE3F6FCBEB09}
		{0E3F997D-1BAD-4209-8ECC-D3547431C14C} = {FFF7FF25-1FCC-412F-95C4-FE3F6FCBEB09}
		{69850FFB-EBE0-4357-994A-5EE04A5759E7} = {FFF7FF25-1FCC-412F-95C4-FE3F6FCBEB09}
		{BB68FABB-0E09-4A25-BC49-5E5AB4B547AF} = {FFF7FF25-1FCC-412F-95C4-FE3F6FCBEB09}
		{B1D9D6BC-96C7-4E6B-8692-A67788700CE7} = {FB8E28CF-6322-4E66-8738-7B5F89699E93}
		{4836263F-956C-4EE1-BAD7-1037A8822E21} = {B1D9D6BC-96C7-4E6B-8692-A67788700CE7}
		{CCF21C7B-C0A9-428E-A042-503E70F2B40E} = {B1D9D6BC-96C7-4E6B-8692-A67788700CE7}
		{8C292FE7-4740-42B1-9231-5C9DF9074D2A} = {B1D9D6BC-96C7-4E6B-8692-A67788700CE7}
		{DB86F762-B93D-40A4-9FB9-ACAC767F3609} = {B1D9D6BC-96C7-4E6B-8692-A67788700CE7}
	EndGlobalSection
	GlobalSection(ExtensibilityGlobals) = postSolution
		SolutionGuid = {6586EFB3-2334-41B5-95C6-C229AC598442}
	EndGlobalSection
EndGlobal
