
Microsoft Visual Studio Solution File, Format Version 12.00
# Visual Studio Version 16
VisualStudioVersion = 16.0.31729.503
MinimumVisualStudioVersion = 10.0.40219.1
Project("{2150E333-8FDC-42A3-9474-1A3956D46DE8}") = "Server", "Server", "{E2799A12-C0EB-4F81-A54D-2255F7678347}"
EndProject
Project("{2150E333-8FDC-42A3-9474-1A3956D46DE8}") = "Api", "Api", "{FB8E28CF-6322-4E66-8738-7B5F89699E93}"
EndProject
Project("{9A19103F-16F7-4668-BE54-9A1E7A4F7556}") = "Elsa.Server", "Server\Elsa.Server\Elsa.Server.csproj", "{9523DF73-3763-4D20-9D31-F227FB73BE0A}"
EndProject
Project("{9A19103F-16F7-4668-BE54-9A1E7A4F7556}") = "SampleApi", "Api\SampleApi\SampleApi.csproj", "{3521A615-B090-4B82-9932-912CF06800B9}"
EndProject
Project("{2150E333-8FDC-42A3-9474-1A3956D46DE8}") = "OrderFilling", "OrderFilling", "{94B6C6D0-4D8A-41A5-A3CD-A97A3FD355AD}"
EndProject
Project("{9A19103F-16F7-4668-BE54-9A1E7A4F7556}") = "OrderFilling.Entities", "Api\OrderFilling\OrderFilling.Entities\OrderFilling.Entities.csproj", "{BE49CAB5-EA1A-4078-9221-B212E85E0AD3}"
EndProject
Project("{9A19103F-16F7-4668-BE54-9A1E7A4F7556}") = "OrderFilling.IRepository", "Api\OrderFilling\OrderFilling.IRepository\OrderFilling.IRepository.csproj", "{071BE2EE-469C-4405-AE5F-9ED3DAC37734}"
EndProject
Project("{9A19103F-16F7-4668-BE54-9A1E7A4F7556}") = "OrderFilling.Repository", "Api\OrderFilling\OrderFilling.Repository\OrderFilling.Repository.csproj", "{B12D15CA-F65B-477A-894D-167CA24F57E0}"
EndProject
Project("{9A19103F-16F7-4668-BE54-9A1E7A4F7556}") = "OrderFillingApi", "Api\OrderFilling\OrderFillingApi\OrderFillingApi.csproj", "{859C4709-2A4C-40A7-AB9C-54DC5CA92991}"
EndProject
Global
	GlobalSection(SolutionConfigurationPlatforms) = preSolution
		Debug|Any CPU = Debug|Any CPU
		Release|Any CPU = Release|Any CPU
	EndGlobalSection
	GlobalSection(ProjectConfigurationPlatforms) = postSolution
		{9523DF73-3763-4D20-9D31-F227FB73BE0A}.Debug|Any CPU.ActiveCfg = Debug|Any CPU
		{9523DF73-3763-4D20-9D31-F227FB73BE0A}.Debug|Any CPU.Build.0 = Debug|Any CPU
		{9523DF73-3763-4D20-9D31-F227FB73BE0A}.Release|Any CPU.ActiveCfg = Release|Any CPU
		{9523DF73-3763-4D20-9D31-F227FB73BE0A}.Release|Any CPU.Build.0 = Release|Any CPU
		{3521A615-B090-4B82-9932-912CF06800B9}.Debug|Any CPU.ActiveCfg = Debug|Any CPU
		{3521A615-B090-4B82-9932-912CF06800B9}.Debug|Any CPU.Build.0 = Debug|Any CPU
		{3521A615-B090-4B82-9932-912CF06800B9}.Release|Any CPU.ActiveCfg = Release|Any CPU
		{3521A615-B090-4B82-9932-912CF06800B9}.Release|Any CPU.Build.0 = Release|Any CPU
		{BE49CAB5-EA1A-4078-9221-B212E85E0AD3}.Debug|Any CPU.ActiveCfg = Debug|Any CPU
		{BE49CAB5-EA1A-4078-9221-B212E85E0AD3}.Debug|Any CPU.Build.0 = Debug|Any CPU
		{BE49CAB5-EA1A-4078-9221-B212E85E0AD3}.Release|Any CPU.ActiveCfg = Release|Any CPU
		{BE49CAB5-EA1A-4078-9221-B212E85E0AD3}.Release|Any CPU.Build.0 = Release|Any CPU
		{071BE2EE-469C-4405-AE5F-9ED3DAC37734}.Debug|Any CPU.ActiveCfg = Debug|Any CPU
		{071BE2EE-469C-4405-AE5F-9ED3DAC37734}.Debug|Any CPU.Build.0 = Debug|Any CPU
		{071BE2EE-469C-4405-AE5F-9ED3DAC37734}.Release|Any CPU.ActiveCfg = Release|Any CPU
		{071BE2EE-469C-4405-AE5F-9ED3DAC37734}.Release|Any CPU.Build.0 = Release|Any CPU
		{B12D15CA-F65B-477A-894D-167CA24F57E0}.Debug|Any CPU.ActiveCfg = Debug|Any CPU
		{B12D15CA-F65B-477A-894D-167CA24F57E0}.Debug|Any CPU.Build.0 = Debug|Any CPU
		{B12D15CA-F65B-477A-894D-167CA24F57E0}.Release|Any CPU.ActiveCfg = Release|Any CPU
		{B12D15CA-F65B-477A-894D-167CA24F57E0}.Release|Any CPU.Build.0 = Release|Any CPU
		{859C4709-2A4C-40A7-AB9C-54DC5CA92991}.Debug|Any CPU.ActiveCfg = Debug|Any CPU
		{859C4709-2A4C-40A7-AB9C-54DC5CA92991}.Debug|Any CPU.Build.0 = Debug|Any CPU
		{859C4709-2A4C-40A7-AB9C-54DC5CA92991}.Release|Any CPU.ActiveCfg = Release|Any CPU
		{859C4709-2A4C-40A7-AB9C-54DC5CA92991}.Release|Any CPU.Build.0 = Release|Any CPU
	EndGlobalSection
	GlobalSection(SolutionProperties) = preSolution
		HideSolutionNode = FALSE
	EndGlobalSection
	GlobalSection(NestedProjects) = preSolution
		{9523DF73-3763-4D20-9D31-F227FB73BE0A} = {E2799A12-C0EB-4F81-A54D-2255F7678347}
		{3521A615-B090-4B82-9932-912CF06800B9} = {FB8E28CF-6322-4E66-8738-7B5F89699E93}
		{94B6C6D0-4D8A-41A5-A3CD-A97A3FD355AD} = {FB8E28CF-6322-4E66-8738-7B5F89699E93}
		{BE49CAB5-EA1A-4078-9221-B212E85E0AD3} = {94B6C6D0-4D8A-41A5-A3CD-A97A3FD355AD}
		{071BE2EE-469C-4405-AE5F-9ED3DAC37734} = {94B6C6D0-4D8A-41A5-A3CD-A97A3FD355AD}
		{B12D15CA-F65B-477A-894D-167CA24F57E0} = {94B6C6D0-4D8A-41A5-A3CD-A97A3FD355AD}
		{859C4709-2A4C-40A7-AB9C-54DC5CA92991} = {94B6C6D0-4D8A-41A5-A3CD-A97A3FD355AD}
	EndGlobalSection
	GlobalSection(ExtensibilityGlobals) = postSolution
		SolutionGuid = {6586EFB3-2334-41B5-95C6-C229AC598442}
	EndGlobalSection
EndGlobal
